
Microsoft Visual Studio Solution File, Format Version 12.00
# Visual Studio Version 17
VisualStudioVersion = 17.5.33530.505
MinimumVisualStudioVersion = 10.0.40219.1
Project("{FAE04EC0-301F-11D3-BF4B-00C04F79EFBC}") = "LINQ", "LINQ\LINQ.csproj", "{7C09E5A5-0407-4A93-BF13-7D397D6D4ED6}"
EndProject
Global
	GlobalSection(SolutionConfigurationPlatforms) = preSolution
		Debug|Any CPU = Debug|Any CPU
		Release|Any CPU = Release|Any CPU
	EndGlobalSection
	GlobalSection(ProjectConfigurationPlatforms) = postSolution
		{7C09E5A5-0407-4A93-BF13-7D397D6D4ED6}.Debug|Any CPU.ActiveCfg = Debug|Any CPU
		{7C09E5A5-0407-4A93-BF13-7D397D6D4ED6}.Debug|Any CPU.Build.0 = Debug|Any CPU
		{7C09E5A5-0407-4A93-BF13-7D397D6D4ED6}.Release|Any CPU.ActiveCfg = Release|Any CPU
		{7C09E5A5-0407-4A93-BF13-7D397D6D4ED6}.Release|Any CPU.Build.0 = Release|Any CPU
	EndGlobalSection
	GlobalSection(SolutionProperties) = preSolution
		HideSolutionNode = FALSE
	EndGlobalSection
	GlobalSection(ExtensibilityGlobals) = postSolution
		SolutionGuid = {F6BF8DDB-FA86-4BDB-91A7-A50B6CA2BC76}
	EndGlobalSection
EndGlobal
