
Microsoft Visual Studio Solution File, Format Version 12.00
# Visual Studio Version 17
VisualStudioVersion = 17.5.33516.290
MinimumVisualStudioVersion = 10.0.40219.1
Project("{FAE04EC0-301F-11D3-BF4B-00C04F79EFBC}") = "try_catch_finally", "try_catch_finally\try_catch_finally.csproj", "{6E2DCE35-0771-411E-A081-079854FA71C1}"
EndProject
Global
	GlobalSection(SolutionConfigurationPlatforms) = preSolution
		Debug|Any CPU = Debug|Any CPU
		Release|Any CPU = Release|Any CPU
	EndGlobalSection
	GlobalSection(ProjectConfigurationPlatforms) = postSolution
		{6E2DCE35-0771-411E-A081-079854FA71C1}.Debug|Any CPU.ActiveCfg = Debug|Any CPU
		{6E2DCE35-0771-411E-A081-079854FA71C1}.Debug|Any CPU.Build.0 = Debug|Any CPU
		{6E2DCE35-0771-411E-A081-079854FA71C1}.Release|Any CPU.ActiveCfg = Release|Any CPU
		{6E2DCE35-0771-411E-A081-079854FA71C1}.Release|Any CPU.Build.0 = Release|Any CPU
	EndGlobalSection
	GlobalSection(SolutionProperties) = preSolution
		HideSolutionNode = FALSE
	EndGlobalSection
	GlobalSection(ExtensibilityGlobals) = postSolution
		SolutionGuid = {B31368C0-DD72-4687-85C8-6ECB7FC93512}
	EndGlobalSection
EndGlobal
